
Microsoft Visual Studio Solution File, Format Version 12.00
# Visual Studio Version 17
VisualStudioVersion = 17.14.37411.7 d17.14
MinimumVisualStudioVersion = 10.0.40219.1
Project("{FAE04EC0-301F-11D3-BF4B-00C04F79EFBC}") = "VideoGame", "VideoGame\VideoGame.csproj", "{33E36801-1310-443C-BEFC-3016DDD53B1D}"
EndProject
Global
	GlobalSection(SolutionConfigurationPlatforms) = preSolution
		Debug|Any CPU = Debug|Any CPU
		Release|Any CPU = Release|Any CPU
	EndGlobalSection
	GlobalSection(ProjectConfigurationPlatforms) = postSolution
		{33E36801-1310-443C-BEFC-3016DDD53B1D}.Debug|Any CPU.ActiveCfg = Debug|Any CPU
		{33E36801-1310-443C-BEFC-3016DDD53B1D}.Debug|Any CPU.Build.0 = Debug|Any CPU
		{33E36801-1310-443C-BEFC-3016DDD53B1D}.Release|Any CPU.ActiveCfg = Release|Any CPU
		{33E36801-1310-443C-BEFC-3016DDD53B1D}.Release|Any CPU.Build.0 = Release|Any CPU
	EndGlobalSection
	GlobalSection(SolutionProperties) = preSolution
		HideSolutionNode = FALSE
	EndGlobalSection
	GlobalSection(ExtensibilityGlobals) = postSolution
		SolutionGuid = {30187C84-AD4D-4592-8F7A-4F78E234FDA9}
	EndGlobalSection
EndGlobal
